{
  "lockfileVersion": 1,
  "configVersion": 1,
  "workspaces": {
    "": {
      "name": "nook-web-shared",
      "dependencies": {
        "bits-ui": "2.18.1",
        "neverthrow": "8.2.0",
      },
    },
  },
  "packages": {
    "@floating-ui/core": ["@floating-ui/core@1.8.0", "", { "dependencies": { "@floating-ui/utils": "^0.2.12" } }, "sha512-0CIZ5itps/8x7BG8dEIhs53BvCUH2PCoogtakwRTut+Arm58sJooJ0AuZhLw2HJYIR5cMLNPBSS728sPho2khQ=="],

    "@floating-ui/dom": ["@floating-ui/dom@1.8.0", "", { "dependencies": { "@floating-ui/core": "^1.8.0", "@floating-ui/utils": "^0.2.12" } }, "sha512-yXSrzeHZBTZadLOlfyhCkJHNeLJnHRnRInwdZ40L7ZiaAtrBwoYlsDrX3v5zB1Utk7CLfzcOVnVVWoXEky7Ceg=="],

    "@floating-ui/utils": ["@floating-ui/utils@0.2.12", "", {}, "sha512-HpCo8tmWzLVad5s2d19EhAz5zqrrQ6s69qd6moPMQvkOuSwDT1YgRfWSVuc4ennqrgv3OHppiOGMQ7oC13yIww=="],

    "@internationalized/date": ["@internationalized/date@3.12.4", "", { "dependencies": { "@swc/helpers": "^0.5.0" } }, "sha512-M1dEn4c1U1HsSlaVR8upZtSqvXrTkHDfv18H01uCSJyjVLDxnBR38v/fMxecmlwXKR4i9HeZcmgQAPE6A+aGJQ=="],

    "@jridgewell/gen-mapping": ["@jridgewell/gen-mapping@0.3.13", "", { "dependencies": { "@jridgewell/sourcemap-codec": "^1.5.0", "@jridgewell/trace-mapping": "^0.3.24" } }, "sha512-2kkt/7niJ6MgEPxF0bYdQ6etZaA+fQvDcLKckhy1yIQOzaoKjBBjSj63/aLVjYE3qhRt5dvM+uUyfCg6UKCBbA=="],

    "@jridgewell/remapping": ["@jridgewell/remapping@2.3.5", "", { "dependencies": { "@jridgewell/gen-mapping": "^0.3.5", "@jridgewell/trace-mapping": "^0.3.24" } }, "sha512-LI9u/+laYG4Ds1TDKSJW2YPrIlcVYOwi2fUC6xB43lueCjgxV4lffOCZCtYFiH6TNOX+tQKXx97T4IKHbhyHEQ=="],

    "@jridgewell/resolve-uri": ["@jridgewell/resolve-uri@3.1.2", "", {}, "sha512-bRISgCIjP20/tbWSPWMEi54QVPRZExkuD9lJL+UIxUKtwVJA8wW1Trb1jMs1RFXo1CBTNZ/5hpC9QvmKWdopKw=="],

    "@jridgewell/sourcemap-codec": ["@jridgewell/sourcemap-codec@1.6.0", "", {}, "sha512-T7jf+5zgsZHwNJ4lvQ7/aezbyk0nNX+zJVWpmHA7VYsEx7a7qr5Rg5IbtJFqkgze5Y2sruq1RUY8Q837Od7iFw=="],

    "@jridgewell/trace-mapping": ["@jridgewell/trace-mapping@0.3.31", "", { "dependencies": { "@jridgewell/resolve-uri": "^3.1.0", "@jridgewell/sourcemap-codec": "^1.4.14" } }, "sha512-zzNR+SdQSDJzc8joaeP8QQoCQr8NuYx2dIIytl1QeBEZHJ9uW6hebsrYgbz8hJwUQao3TWCMtmfV8Nu1twOLAw=="],

    "@rollup/rollup-linux-x64-gnu": ["@rollup/rollup-linux-x64-gnu@4.63.1", "", { "os": "linux", "cpu": "x64" }, "sha512-gfI5T24WLLuFfSKw7Go/zDXjAAV0fny0swTaDv+WjK7vqcw4cRhFfdsyKL1n+ukI+ooBxn3bVQnyrn06WpI50w=="],

    "@sveltejs/acorn-typescript": ["@sveltejs/acorn-typescript@1.0.13", "", { "peerDependencies": { "acorn": "^8.9.0" } }, "sha512-wgKggnhZVL9Bfx1OaKKTrYY9BFRk6C8UAkQNUcIv1+llzYrIqy+RZm5HPKzn0NpEBvTVhTqB4kQyllZywsRBRQ=="],

    "@swc/helpers": ["@swc/helpers@0.5.23", "", { "dependencies": { "tslib": "^2.8.0" } }, "sha512-5lSsMOTXURePglDfvuAQUqkGek9Hg2kksOYay2m0+XR++b2NWYL/4sWyuvVBIs8oKnJaxkdi9whaL/sqN13afw=="],

    "@types/estree": ["@types/estree@1.0.9", "", {}, "sha512-GhdPgy1el4/ImP05X05Uw4cw2/M93BCUmnEvWZNStlCzEKME4Fkk+YpoA5OiHNQmoS7Cafb8Xa3Pya8m1Qrzeg=="],

    "acorn": ["acorn@8.18.0", "", { "bin": { "acorn": "bin/acorn" } }, "sha512-lGq+9yr1/GuAWaVYIHRjvvySG5/4VfKIvC8EWxStPdcDh/Ka7FG3twP6v4d5BkravUilhIAsG4Qj83t02LWUPQ=="],

    "aria-query": ["aria-query@5.3.1", "", {}, "sha512-Z/ZeOgVl7bcSYZ/u/rh0fOpvEpq//LZmdbkXyc7syVzjPAhfOa9ebsdTSjEBDU4vs5nC98Kfduj1uFo0qyET3g=="],

    "axobject-query": ["axobject-query@4.1.0", "", {}, "sha512-qIj0G9wZbMGNLjLmg1PT6v2mE9AH2zlnADJD/2tC6E00hgmhUOfEB6greHPAfLRSufHqROIUTkw6E+M3lH0PTQ=="],

    "bits-ui": ["bits-ui@2.18.1", "", { "dependencies": { "@floating-ui/core": "^1.7.1", "@floating-ui/dom": "^1.7.1", "esm-env": "^1.1.2", "runed": "^0.35.1", "svelte-toolbelt": "^0.10.6", "tabbable": "^6.2.0" }, "peerDependencies": { "@internationalized/date": "^3.8.1", "svelte": "^5.33.0" } }, "sha512-KkemzKFH4T3gt3H+P86JcnAWExjByv/6vlwjm/BoCwTPHu03yiCdxbghdJLvFReQTe0acCAiRcKfmixxD6XvlA=="],

    "clsx": ["clsx@2.1.1", "", {}, "sha512-eYm0QWBtUrBWZWG0d386OGAw16Z995PiOVo2B7bjWSbHedGl5e0ZWaq65kOGgUSNesEIDkB9ISbTg/JK9dhCZA=="],

    "dequal": ["dequal@2.0.3", "", {}, "sha512-0je+qPKHEMohvfRTCEo3CrPG6cAzAYgmzKyxRiYSSDkS6eGJdyVJm7WaYA5ECaAD9wLB2T4EEeymA5aFVcYXCA=="],

    "devalue": ["devalue@5.9.2", "", {}, "sha512-po4PAY5c53tw5XMocSnf8A/5OHhbbUftpr93aEN6BBoAdntUmK7vu7wOATqvt7cXO7m1Cl4gMVn6p7n6n4mj0w=="],

    "esm-env": ["esm-env@1.2.2", "", {}, "sha512-Epxrv+Nr/CaL4ZcFGPJIYLWFom+YeV1DqMLHJoEd9SYRxNbaFruBwfEX/kkHUJf55j2+TUbmDcmuilbP1TmXHA=="],

    "esrap": ["esrap@2.3.7", "", { "dependencies": { "@jridgewell/sourcemap-codec": "^1.4.15" }, "peerDependencies": { "@typescript-eslint/types": "^8.2.0" }, "optionalPeers": ["@typescript-eslint/types"] }, "sha512-n2nf7fZR3c9yXf0BPEuHuXqT+KW0SJVj4cN5FMEkpCZ3scLjOQWpiccyCxVzCC2q1wubTghuEGzngJY/7Ah0Ow=="],

    "inline-style-parser": ["inline-style-parser@0.2.7", "", {}, "sha512-Nb2ctOyNR8DqQoR0OwRG95uNWIC0C1lCgf5Naz5H6Ji72KZ8OcFZLz2P5sNgwlyoJ8Yif11oMuYs5pBQa86csA=="],

    "is-reference": ["is-reference@3.0.3", "", { "dependencies": { "@types/estree": "^1.0.6" } }, "sha512-ixkJoqQvAP88E6wLydLGGqCJsrFUnqoH6HnaczB8XmDH1oaWU+xxdptvikTgaEhtZ53Ky6YXiBuUI2WXLMCwjw=="],

    "locate-character": ["locate-character@3.0.0", "", {}, "sha512-SW13ws7BjaeJ6p7Q6CO2nchbYEc3X3J6WrmTTDto7yMPqVSZTUyY5Tjbid+Ab8gLnATtygYtiDIJGQRRn2ZOiA=="],

    "lz-string": ["lz-string@1.5.0", "", { "bin": { "lz-string": "bin/bin.js" } }, "sha512-h5bgJWpxJNswbU7qCrV0tIKQCaS3blPDrqKWx+QxzuzL1zGUzij9XCWLrSLsJPu5t+eWA/ycetzYAO5IOMcWAQ=="],

    "magic-string": ["magic-string@0.30.21", "", { "dependencies": { "@jridgewell/sourcemap-codec": "^1.5.5" } }, "sha512-vd2F4YUyEXKGcLHoq+TEyCjxueSeHnFxyyjNp80yg0XV4vUhnDer/lvvlqM/arB5bXQN5K2/3oinyCRyx8T2CQ=="],

    "neverthrow": ["neverthrow@8.2.0", "", { "optionalDependencies": { "@rollup/rollup-linux-x64-gnu": "^4.24.0" } }, "sha512-kOCT/1MCPAxY5iUV3wytNFUMUolzuwd/VF/1KCx7kf6CutrOsTie+84zTGTpgQycjvfLdBBdvBvFLqFD2c0wkQ=="],

    "runed": ["runed@0.35.1", "", { "dependencies": { "dequal": "^2.0.3", "esm-env": "^1.0.0", "lz-string": "^1.5.0" }, "peerDependencies": { "@sveltejs/kit": "^2.21.0", "svelte": "^5.7.0" }, "optionalPeers": ["@sveltejs/kit"] }, "sha512-2F4Q/FZzbeJTFdIS/PuOoPRSm92sA2LhzTnv6FXhCoENb3huf5+fDuNOg1LNvGOouy3u/225qxmuJvcV3IZK5Q=="],

    "style-to-object": ["style-to-object@1.0.14", "", { "dependencies": { "inline-style-parser": "0.2.7" } }, "sha512-LIN7rULI0jBscWQYaSswptyderlarFkjQ+t79nzty8tcIAceVomEVlLzH5VP4Cmsv6MtKhs7qaAiwlcp+Mgaxw=="],

    "svelte": ["svelte@5.57.0", "", { "dependencies": { "@jridgewell/remapping": "^2.3.4", "@jridgewell/sourcemap-codec": "^1.5.0", "@sveltejs/acorn-typescript": "^1.0.10", "@types/estree": "^1.0.5", "acorn": "^8.12.1", "aria-query": "5.3.1", "axobject-query": "^4.1.0", "clsx": "^2.1.1", "devalue": "^5.8.1", "esm-env": "^1.2.1", "esrap": "^2.2.12", "is-reference": "^3.0.3", "locate-character": "^3.0.0", "magic-string": "^0.30.11", "zimmerframe": "^1.1.2" } }, "sha512-NdbDn7fl4be1ViUG0oq/lvG6OZy3oENolV2ONjiqqsfVoeAfzaQAKUcEX3MrQod/Bebv1PgwET9rfXhgn9s4Kg=="],

    "svelte-toolbelt": ["svelte-toolbelt@0.10.6", "", { "dependencies": { "clsx": "^2.1.1", "runed": "^0.35.1", "style-to-object": "^1.0.8" }, "peerDependencies": { "svelte": "^5.30.2" } }, "sha512-YWuX+RE+CnWYx09yseAe4ZVMM7e7GRFZM6OYWpBKOb++s+SQ8RBIMMe+Bs/CznBMc0QPLjr+vDBxTAkozXsFXQ=="],

    "tabbable": ["tabbable@6.5.0", "", {}, "sha512-wieBHXygIm7OyQOu5hQlkk62/WyCFYGlWg7L6/ZCUZwx0o398Zkn4pVmMyfYhfMG8kGrj/Krt8eIk6UKC6VzwA=="],

    "tslib": ["tslib@2.8.1", "", {}, "sha512-oJFu94HQb+KVduSUQL7wnpmqnfmLsOA/nAh6b6EH0wCEoK0/mPeXU6c3wKDV83MkOuHPRHtSXKKU99IBazS/2w=="],

    "zimmerframe": ["zimmerframe@1.1.5", "", {}, "sha512-msJxIvYDYcoNL+PJsu+7qmpDWsYmAxTY+2TNYXXF0hzBzBk0BMecOqDOG/EckUoKCuKwObfbugIl8QpqHDXeFA=="],
  }
}
